
Microsoft Visual Studio Solution File, Format Version 12.00
# Visual Studio Version 17
VisualStudioVersion = 17.10.35004.147
MinimumVisualStudioVersion = 10.0.40219.1
Project("{FAE04EC0-301F-11D3-BF4B-00C04F79EFBC}") = "Chapter_2", "Chapter_2\Chapter_2.csproj", "{C7587B4A-7273-4F88-ADFC-2FEE6BDE165D}"
EndProject
Global
	GlobalSection(SolutionConfigurationPlatforms) = preSolution
		Debug|Any CPU = Debug|Any CPU
		Release|Any CPU = Release|Any CPU
	EndGlobalSection
	GlobalSection(ProjectConfigurationPlatforms) = postSolution
		{C7587B4A-7273-4F88-ADFC-2FEE6BDE165D}.Debug|Any CPU.ActiveCfg = Debug|Any CPU
		{C7587B4A-7273-4F88-ADFC-2FEE6BDE165D}.Debug|Any CPU.Build.0 = Debug|Any CPU
		{C7587B4A-7273-4F88-ADFC-2FEE6BDE165D}.Release|Any CPU.ActiveCfg = Release|Any CPU
		{C7587B4A-7273-4F88-ADFC-2FEE6BDE165D}.Release|Any CPU.Build.0 = Release|Any CPU
	EndGlobalSection
	GlobalSection(SolutionProperties) = preSolution
		HideSolutionNode = FALSE
	EndGlobalSection
	GlobalSection(ExtensibilityGlobals) = postSolution
		SolutionGuid = {18A15493-260A-47E6-AF1F-3A0228A4C2D6}
	EndGlobalSection
EndGlobal
